// !$*UTF8*$!
{
	archiveVersion = 1;
	classes = {
	};
	objectVersion = 46;
	objects = {

/* Begin PBXBuildFile section */
		A94584D61EC4EB9900FD69AF /* FibRequest.swift in Sources */ = {isa = PBXBuildFile; fileRef = A94584D51EC4EB9900FD69AF /* FibRequest.swift */; };
		A94AE2911EC4B3E000815BC8 /* FibService.swift in Sources */ = {isa = PBXBuildFile; fileRef = A94AE2901EC4B3E000815BC8 /* FibService.swift */; };
		A9A754381EC492B0003ECA29 /* AppDelegate.swift in Sources */ = {isa = PBXBuildFile; fileRef = A9A754371EC492B0003ECA29 /* AppDelegate.swift */; };
		A9A7543D1EC492B0003ECA29 /* Main.storyboard in Resources */ = {isa = PBXBuildFile; fileRef = A9A7543B1EC492B0003ECA29 /* Main.storyboard */; };
		A9A7543F1EC492B0003ECA29 /* Assets.xcassets in Resources */ = {isa = PBXBuildFile; fileRef = A9A7543E1EC492B0003ECA29 /* Assets.xcassets */; };
		A9A754421EC492B1003ECA29 /* LaunchScreen.storyboard in Resources */ = {isa = PBXBuildFile; fileRef = A9A754401EC492B1003ECA29 /* LaunchScreen.storyboard */; };
		A9A7544D1EC492B1003ECA29 /* FibsTests.swift in Sources */ = {isa = PBXBuildFile; fileRef = A9A7544C1EC492B1003ECA29 /* FibsTests.swift */; };
		A9A754581EC492B1003ECA29 /* FibsUITests.swift in Sources */ = {isa = PBXBuildFile; fileRef = A9A754571EC492B1003ECA29 /* FibsUITests.swift */; };
		A9A754661EC493D9003ECA29 /* TableViewController.swift in Sources */ = {isa = PBXBuildFile; fileRef = A9A754651EC493D9003ECA29 /* TableViewController.swift */; };
/* End PBXBuildFile section */

/* Begin PBXContainerItemProxy section */
		A9A754491EC492B1003ECA29 /* PBXContainerItemProxy */ = {
			isa = PBXContainerItemProxy;
			containerPortal = A9A7542C1EC492B0003ECA29 /* Project object */;
			proxyType = 1;
			remoteGlobalIDString = A9A754331EC492B0003ECA29;
			remoteInfo = Fibs;
		};
		A9A754541EC492B1003ECA29 /* PBXContainerItemProxy */ = {
			isa = PBXContainerItemProxy;
			containerPortal = A9A7542C1EC492B0003ECA29 /* Project object */;
			proxyType = 1;
			remoteGlobalIDString = A9A754331EC492B0003ECA29;
			remoteInfo = Fibs;
		};
/* End PBXContainerItemProxy section */

/* Begin PBXFileReference section */
		A94584D51EC4EB9900FD69AF /* FibRequest.swift */ = {isa = PBXFileReference; fileEncoding = 4; lastKnownFileType = sourcecode.swift; path = FibRequest.swift; sourceTree = "<group>"; };
		A94AE2901EC4B3E000815BC8 /* FibService.swift */ = {isa = PBXFileReference; fileEncoding = 4; lastKnownFileType = sourcecode.swift; path = FibService.swift; sourceTree = "<group>"; };
		A9A754341EC492B0003ECA29 /* Fibs.app */ = {isa = PBXFileReference; explicitFileType = wrapper.application; includeInIndex = 0; path = Fibs.app; sourceTree = BUILT_PRODUCTS_DIR; };
		A9A754371EC492B0003ECA29 /* AppDelegate.swift */ = {isa = PBXFileReference; lastKnownFileType = sourcecode.swift; path = AppDelegate.swift; sourceTree = "<group>"; };
		A9A7543C1EC492B0003ECA29 /* Base */ = {isa = PBXFileReference; lastKnownFileType = file.storyboard; name = Base; path = Base.lproj/Main.storyboard; sourceTree = "<group>"; };
		A9A7543E1EC492B0003ECA29 /* Assets.xcassets */ = {isa = PBXFileReference; lastKnownFileType = folder.assetcatalog; path = Assets.xcassets; sourceTree = "<group>"; };
		A9A754411EC492B1003ECA29 /* Base */ = {isa = PBXFileReference; lastKnownFileType = file.storyboard; name = Base; path = Base.lproj/LaunchScreen.storyboard; sourceTree = "<group>"; };
		A9A754431EC492B1003ECA29 /* Info.plist */ = {isa = PBXFileReference; lastKnownFileType = text.plist.xml; path = Info.plist; sourceTree = "<group>"; };
		A9A754481EC492B1003ECA29 /* FibsTests.xctest */ = {isa = PBXFileReference; explicitFileType = wrapper.cfbundle; includeInIndex = 0; path = FibsTests.xctest; sourceTree = BUILT_PRODUCTS_DIR; };
		A9A7544C1EC492B1003ECA29 /* FibsTests.swift */ = {isa = PBXFileReference; lastKnownFileType = sourcecode.swift; path = FibsTests.swift; sourceTree = "<group>"; };
		A9A7544E1EC492B1003ECA29 /* Info.plist */ = {isa = PBXFileReference; lastKnownFileType = text.plist.xml; path = Info.plist; sourceTree = "<group>"; };
		A9A754531EC492B1003ECA29 /* FibsUITests.xctest */ = {isa = PBXFileReference; explicitFileType = wrapper.cfbundle; includeInIndex = 0; path = FibsUITests.xctest; sourceTree = BUILT_PRODUCTS_DIR; };
		A9A754571EC492B1003ECA29 /* FibsUITests.swift */ = {isa = PBXFileReference; lastKnownFileType = sourcecode.swift; path = FibsUITests.swift; sourceTree = "<group>"; };
		A9A754591EC492B1003ECA29 /* Info.plist */ = {isa = PBXFileReference; lastKnownFileType = text.plist.xml; path = Info.plist; sourceTree = "<group>"; };
		A9A754651EC493D9003ECA29 /* TableViewController.swift */ = {isa = PBXFileReference; fileEncoding = 4; lastKnownFileType = sourcecode.swift; path = TableViewController.swift; sourceTree = "<group>"; };
/* End PBXFileReference section */

/* Begin PBXFrameworksBuildPhase section */
		A9A754311EC492B0003ECA29 /* Frameworks */ = {
			isa = PBXFrameworksBuildPhase;
			buildActionMask = 2147483647;
			files = (
			);
			runOnlyForDeploymentPostprocessing = 0;
		};
		A9A754451EC492B1003ECA29 /* Frameworks */ = {
			isa = PBXFrameworksBuildPhase;
			buildActionMask = 2147483647;
			files = (
			);
			runOnlyForDeploymentPostprocessing = 0;
		};
		A9A754501EC492B1003ECA29 /* Frameworks */ = {
			isa = PBXFrameworksBuildPhase;
			buildActionMask = 2147483647;
			files = (
			);
			runOnlyForDeploymentPostprocessing = 0;
		};
/* End PBXFrameworksBuildPhase section */

/* Begin PBXGroup section */
		A9A7542B1EC492B0003ECA29 = {
			isa = PBXGroup;
			children = (
				A9A754361EC492B0003ECA29 /* Fibs */,
				A9A7544B1EC492B1003ECA29 /* FibsTests */,
				A9A754561EC492B1003ECA29 /* FibsUITests */,
				A9A754351EC492B0003ECA29 /* Products */,
			);
			sourceTree = "<group>";
		};
		A9A754351EC492B0003ECA29 /* Products */ = {
			isa = PBXGroup;
			children = (
				A9A754341EC492B0003ECA29 /* Fibs.app */,
				A9A754481EC492B1003ECA29 /* FibsTests.xctest */,
				A9A754531EC492B1003ECA29 /* FibsUITests.xctest */,
			);
			name = Products;
			sourceTree = "<group>";
		};
		A9A754361EC492B0003ECA29 /* Fibs */ = {
			isa = PBXGroup;
			children = (
				A9A754371EC492B0003ECA29 /* AppDelegate.swift */,
				A9A7543B1EC492B0003ECA29 /* Main.storyboard */,
				A9A754651EC493D9003ECA29 /* TableViewController.swift */,
				A94584D51EC4EB9900FD69AF /* FibRequest.swift */,
				A94AE2901EC4B3E000815BC8 /* FibService.swift */,
				A9A7543E1EC492B0003ECA29 /* Assets.xcassets */,
				A9A754401EC492B1003ECA29 /* LaunchScreen.storyboard */,
				A9A754431EC492B1003ECA29 /* Info.plist */,
			);
			path = Fibs;
			sourceTree = "<group>";
		};
		A9A7544B1EC492B1003ECA29 /* FibsTests */ = {
			isa = PBXGroup;
			children = (
				A9A7544C1EC492B1003ECA29 /* FibsTests.swift */,
				A9A7544E1EC492B1003ECA29 /* Info.plist */,
			);
			path = FibsTests;
			sourceTree = "<group>";
		};
		A9A754561EC492B1003ECA29 /* FibsUITests */ = {
			isa = PBXGroup;
			children = (
				A9A754571EC492B1003ECA29 /* FibsUITests.swift */,
				A9A754591EC492B1003ECA29 /* Info.plist */,
			);
			path = FibsUITests;
			sourceTree = "<group>";
		};
/* End PBXGroup section */

/* Begin PBXNativeTarget section */
		A9A754331EC492B0003ECA29 /* Fibs */ = {
			isa = PBXNativeTarget;
			buildConfigurationList = A9A7545C1EC492B1003ECA29 /* Build configuration list for PBXNativeTarget "Fibs" */;
			buildPhases = (
				A9A754301EC492B0003ECA29 /* Sources */,
				A9A754311EC492B0003ECA29 /* Frameworks */,
				A9A754321EC492B0003ECA29 /* Resources */,
			);
			buildRules = (
			);
			dependencies = (
			);
			name = Fibs;
			productName = Fibs;
			productReference = A9A754341EC492B0003ECA29 /* Fibs.app */;
			productType = "com.apple.product-type.application";
		};
		A9A754471EC492B1003ECA29 /* FibsTests */ = {
			isa = PBXNativeTarget;
			buildConfigurationList = A9A7545F1EC492B1003ECA29 /* Build configuration list for PBXNativeTarget "FibsTests" */;
			buildPhases = (
				A9A754441EC492B1003ECA29 /* Sources */,
				A9A754451EC492B1003ECA29 /* Frameworks */,
				A9A754461EC492B1003ECA29 /* Resources */,
			);
			buildRules = (
			);
			dependencies = (
				A9A7544A1EC492B1003ECA29 /* PBXTargetDependency */,
			);
			name = FibsTests;
			productName = FibsTests;
			productReference = A9A754481EC492B1003ECA29 /* FibsTests.xctest */;
			productType = "com.apple.product-type.bundle.unit-test";
		};
		A9A754521EC492B1003ECA29 /* FibsUITests */ = {
			isa = PBXNativeTarget;
			buildConfigurationList = A9A754621EC492B1003ECA29 /* Build configuration list for PBXNativeTarget "FibsUITests" */;
			buildPhases = (
				A9A7544F1EC492B1003ECA29 /* Sources */,
				A9A754501EC492B1003ECA29 /* Frameworks */,
				A9A754511EC492B1003ECA29 /* Resources */,
			);
			buildRules = (
			);
			dependencies = (
				A9A754551EC492B1003ECA29 /* PBXTargetDependency */,
			);
			name = FibsUITests;
			productName = FibsUITests;
			productReference = A9A754531EC492B1003ECA29 /* FibsUITests.xctest */;
			productType = "com.apple.product-type.bundle.ui-testing";
		};
/* End PBXNativeTarget section */

/* Begin PBXProject section */
		A9A7542C1EC492B0003ECA29 /* Project object */ = {
			isa = PBXProject;
			attributes = {
				LastSwiftUpdateCheck = 0830;
				LastUpgradeCheck = 0830;
				ORGANIZATIONNAME = "Jeroen Dunselman";
				TargetAttributes = {
					A9A754331EC492B0003ECA29 = {
						CreatedOnToolsVersion = 8.3.2;
						DevelopmentTeam = 447M47227T;
						ProvisioningStyle = Automatic;
					};
					A9A754471EC492B1003ECA29 = {
						CreatedOnToolsVersion = 8.3.2;
						DevelopmentTeam = 447M47227T;
						ProvisioningStyle = Automatic;
						TestTargetID = A9A754331EC492B0003ECA29;
					};
					A9A754521EC492B1003ECA29 = {
						CreatedOnToolsVersion = 8.3.2;
						DevelopmentTeam = 447M47227T;
						ProvisioningStyle = Automatic;
						TestTargetID = A9A754331EC492B0003ECA29;
					};
				};
			};
			buildConfigurationList = A9A7542F1EC492B0003ECA29 /* Build configuration list for PBXProject "Fibs" */;
			compatibilityVersion = "Xcode 3.2";
			developmentRegion = English;
			hasScannedForEncodings = 0;
			knownRegions = (
				en,
				Base,
			);
			mainGroup = A9A7542B1EC492B0003ECA29;
			productRefGroup = A9A754351EC492B0003ECA29 /* Products */;
			projectDirPath = "";
			projectRoot = "";
			targets = (
				A9A754331EC492B0003ECA29 /* Fibs */,
				A9A754471EC492B1003ECA29 /* FibsTests */,
				A9A754521EC492B1003ECA29 /* FibsUITests */,
			);
		};
/* End PBXProject section */

/* Begin PBXResourcesBuildPhase section */
		A9A754321EC492B0003ECA29 /* Resources */ = {
			isa = PBXResourcesBuildPhase;
			buildActionMask = 2147483647;
			files = (
				A9A754421EC492B1003ECA29 /* LaunchScreen.storyboard in Resources */,
				A9A7543F1EC492B0003ECA29 /* Assets.xcassets in Resources */,
				A9A7543D1EC492B0003ECA29 /* Main.storyboard in Resources */,
			);
			runOnlyForDeploymentPostprocessing = 0;
		};
		A9A754461EC492B1003ECA29 /* Resources */ = {
			isa = PBXResourcesBuildPhase;
			buildActionMask = 2147483647;
			files = (
			);
			runOnlyForDeploymentPostprocessing = 0;
		};
		A9A754511EC492B1003ECA29 /* Resources */ = {
			isa = PBXResourcesBuildPhase;
			buildActionMask = 2147483647;
			files = (
			);
			runOnlyForDeploymentPostprocessing = 0;
		};
/* End PBXResourcesBuildPhase section */

/* Begin PBXSourcesBuildPhase section */
		A9A754301EC492B0003ECA29 /* Sources */ = {
			isa = PBXSourcesBuildPhase;
			buildActionMask = 2147483647;
			files = (
				A94AE2911EC4B3E000815BC8 /* FibService.swift in Sources */,
				A94584D61EC4EB9900FD69AF /* FibRequest.swift in Sources */,
				A9A754661EC493D9003ECA29 /* TableViewController.swift in Sources */,
				A9A754381EC492B0003ECA29 /* AppDelegate.swift in Sources */,
			);
			runOnlyForDeploymentPostprocessing = 0;
		};
		A9A754441EC492B1003ECA29 /* Sources */ = {
			isa = PBXSourcesBuildPhase;
			buildActionMask = 2147483647;
			files = (
				A9A7544D1EC492B1003ECA29 /* FibsTests.swift in Sources */,
			);
			runOnlyForDeploymentPostprocessing = 0;
		};
		A9A7544F1EC492B1003ECA29 /* Sources */ = {
			isa = PBXSourcesBuildPhase;
			buildActionMask = 2147483647;
			files = (
				A9A754581EC492B1003ECA29 /* FibsUITests.swift in Sources */,
			);
			runOnlyForDeploymentPostprocessing = 0;
		};
/* End PBXSourcesBuildPhase section */

/* Begin PBXTargetDependency section */
		A9A7544A1EC492B1003ECA29 /* PBXTargetDependency */ = {
			isa = PBXTargetDependency;
			target = A9A754331EC492B0003ECA29 /* Fibs */;
			targetProxy = A9A754491EC492B1003ECA29 /* PBXContainerItemProxy */;
		};
		A9A754551EC492B1003ECA29 /* PBXTargetDependency */ = {
			isa = PBXTargetDependency;
			target = A9A754331EC492B0003ECA29 /* Fibs */;
			targetProxy = A9A754541EC492B1003ECA29 /* PBXContainerItemProxy */;
		};
/* End PBXTargetDependency section */

/* Begin PBXVariantGroup section */
		A9A7543B1EC492B0003ECA29 /* Main.storyboard */ = {
			isa = PBXVariantGroup;
			children = (
				A9A7543C1EC492B0003ECA29 /* Base */,
			);
			name = Main.storyboard;
			sourceTree = "<group>";
		};
		A9A754401EC492B1003ECA29 /* LaunchScreen.storyboard */ = {
			isa = PBXVariantGroup;
			children = (
				A9A754411EC492B1003ECA29 /* Base */,
			);
			name = LaunchScreen.storyboard;
			sourceTree = "<group>";
		};
/* End PBXVariantGroup section */

/* Begin XCBuildConfiguration section */
		A9A7545A1EC492B1003ECA29 /* Debug */ = {
			isa = XCBuildConfiguration;
			buildSettings = {
				ALWAYS_SEARCH_USER_PATHS = NO;
				CLANG_ANALYZER_NONNULL = YES;
				CLANG_ANALYZER_NUMBER_OBJECT_CONVERSION = YES_AGGRESSIVE;
				CLANG_CXX_LANGUAGE_STANDARD = "gnu++0x";
				CLANG_CXX_LIBRARY = "libc++";
				CLANG_ENABLE_MODULES = YES;
				CLANG_ENABLE_OBJC_ARC = YES;
				CLANG_WARN_BOOL_CONVERSION = YES;
				CLANG_WARN_CONSTANT_CONVERSION = YES;
				CLANG_WARN_DIRECT_OBJC_ISA_USAGE = YES_ERROR;
				CLANG_WARN_DOCUMENTATION_COMMENTS = YES;
				CLANG_WARN_EMPTY_BODY = YES;
				CLANG_WARN_ENUM_CONVERSION = YES;
				CLANG_WARN_INFINITE_RECURSION = YES;
				CLANG_WARN_INT_CONVERSION = YES;
				CLANG_WARN_OBJC_ROOT_CLASS = YES_ERROR;
				CLANG_WARN_SUSPICIOUS_MOVE = YES;
				CLANG_WARN_UNREACHABLE_CODE = YES;
				CLANG_WARN__DUPLICATE_METHOD_MATCH = YES;
				"CODE_SIGN_IDENTITY[sdk=iphoneos*]" = "iPhone Developer";
				COPY_PHASE_STRIP = NO;
				DEBUG_INFORMATION_FORMAT = dwarf;
				ENABLE_STRICT_OBJC_MSGSEND = YES;
				ENABLE_TESTABILITY = YES;
				GCC_C_LANGUAGE_STANDARD = gnu99;
				GCC_DYNAMIC_NO_PIC = NO;
				GCC_NO_COMMON_BLOCKS = YES;
				GCC_OPTIMIZATION_LEVEL = 0;
				GCC_PREPROCESSOR_DEFINITIONS = (
					"DEBUG=1",
					"$(inherited)",
				);
				GCC_WARN_64_TO_32_BIT_CONVERSION = YES;
				GCC_WARN_ABOUT_RETURN_TYPE = YES_ERROR;
				GCC_WARN_UNDECLARED_SELECTOR = YES;
				GCC_WARN_UNINITIALIZED_AUTOS = YES_AGGRESSIVE;
				GCC_WARN_UNUSED_FUNCTION = YES;
				GCC_WARN_UNUSED_VARIABLE = YES;
				IPHONEOS_DEPLOYMENT_TARGET = 10.3;
				MTL_ENABLE_DEBUG_INFO = YES;
				ONLY_ACTIVE_ARCH = YES;
				SDKROOT = iphoneos;
				SWIFT_ACTIVE_COMPILATION_CONDITIONS = DEBUG;
				SWIFT_OPTIMIZATION_LEVEL = "-Onone";
			};
			name = Debug;
		};
		A9A7545B1EC492B1003ECA29 /* Release */ = {
			isa = XCBuildConfiguration;
			buildSettings = {
				ALWAYS_SEARCH_USER_PATHS = NO;
				CLANG_ANALYZER_NONNULL = YES;
				CLANG_ANALYZER_NUMBER_OBJECT_CONVERSION = YES_AGGRESSIVE;
				CLANG_CXX_LANGUAGE_STANDARD = "gnu++0x";
				CLANG_CXX_LIBRARY = "libc++";
				CLANG_ENABLE_MODULES = YES;
				CLANG_ENABLE_OBJC_ARC = YES;
				CLANG_WARN_BOOL_CONVERSION = YES;
				CLANG_WARN_CONSTANT_CONVERSION = YES;
				CLANG_WARN_DIRECT_OBJC_ISA_USAGE = YES_ERROR;
				CLANG_WARN_DOCUMENTATION_COMMENTS = YES;
				CLANG_WARN_EMPTY_BODY = YES;
				CLANG_WARN_ENUM_CONVERSION = YES;
				CLANG_WARN_INFINITE_RECURSION = YES;
				CLANG_WARN_INT_CONVERSION = YES;
				CLANG_WARN_OBJC_ROOT_CLASS = YES_ERROR;
				CLANG_WARN_SUSPICIOUS_MOVE = YES;
				CLANG_WARN_UNREACHABLE_CODE = YES;
				CLANG_WARN__DUPLICATE_METHOD_MATCH = YES;
				"CODE_SIGN_IDENTITY[sdk=iphoneos*]" = "iPhone Developer";
				COPY_PHASE_STRIP = NO;
				DEBUG_INFORMATION_FORMAT = "dwarf-with-dsym";
				ENABLE_NS_ASSERTIONS = NO;
				ENABLE_STRICT_OBJC_MSGSEND = YES;
				GCC_C_LANGUAGE_STANDARD = gnu99;
				GCC_NO_COMMON_BLOCKS = YES;
				GCC_WARN_64_TO_32_BIT_CONVERSION = YES;
				GCC_WARN_ABOUT_RETURN_TYPE = YES_ERROR;
				GCC_WARN_UNDECLARED_SELECTOR = YES;
				GCC_WARN_UNINITIALIZED_AUTOS = YES_AGGRESSIVE;
				GCC_WARN_UNUSED_FUNCTION = YES;
				GCC_WARN_UNUSED_VARIABLE = YES;
				IPHONEOS_DEPLOYMENT_TARGET = 10.3;
				MTL_ENABLE_DEBUG_INFO = NO;
				SDKROOT = iphoneos;
				SWIFT_OPTIMIZATION_LEVEL = "-Owholemodule";
				VALIDATE_PRODUCT = YES;
			};
			name = Release;
		};
		A9A7545D1EC492B1003ECA29 /* Debug */ = {
			isa = XCBuildConfiguration;
			buildSettings = {
				ASSETCATALOG_COMPILER_APPICON_NAME = AppIcon;
				DEVELOPMENT_TEAM = 447M47227T;
				INFOPLIST_FILE = Fibs/Info.plist;
				LD_RUNPATH_SEARCH_PATHS = "$(inherited) @executable_path/Frameworks";
				PRODUCT_BUNDLE_IDENTIFIER = com.onomatopee.Fibs;
				PRODUCT_NAME = "$(TARGET_NAME)";
				SWIFT_VERSION = 3.0;
			};
			name = Debug;
		};
		A9A7545E1EC492B1003ECA29 /* Release */ = {
			isa = XCBuildConfiguration;
			buildSettings = {
				ASSETCATALOG_COMPILER_APPICON_NAME = AppIcon;
				DEVELOPMENT_TEAM = 447M47227T;
				INFOPLIST_FILE = Fibs/Info.plist;
				LD_RUNPATH_SEARCH_PATHS = "$(inherited) @executable_path/Frameworks";
				PRODUCT_BUNDLE_IDENTIFIER = com.onomatopee.Fibs;
				PRODUCT_NAME = "$(TARGET_NAME)";
				SWIFT_VERSION = 3.0;
			};
			name = Release;
		};
		A9A754601EC492B1003ECA29 /* Debug */ = {
			isa = XCBuildConfiguration;
			buildSettings = {
				ALWAYS_EMBED_SWIFT_STANDARD_LIBRARIES = YES;
				BUNDLE_LOADER = "$(TEST_HOST)";
				DEVELOPMENT_TEAM = 447M47227T;
				INFOPLIST_FILE = FibsTests/Info.plist;
				LD_RUNPATH_SEARCH_PATHS = "$(inherited) @executable_path/Frameworks @loader_path/Frameworks";
				PRODUCT_BUNDLE_IDENTIFIER = com.onomatopee.FibsTests;
				PRODUCT_NAME = "$(TARGET_NAME)";
				SWIFT_VERSION = 3.0;
				TEST_HOST = "$(BUILT_PRODUCTS_DIR)/Fibs.app/Fibs";
			};
			name = Debug;
		};
		A9A754611EC492B1003ECA29 /* Release */ = {
			isa = XCBuildConfiguration;
			buildSettings = {
				ALWAYS_EMBED_SWIFT_STANDARD_LIBRARIES = YES;
				BUNDLE_LOADER = "$(TEST_HOST)";
				DEVELOPMENT_TEAM = 447M47227T;
				INFOPLIST_FILE = FibsTests/Info.plist;
				LD_RUNPATH_SEARCH_PATHS = "$(inherited) @executable_path/Frameworks @loader_path/Frameworks";
				PRODUCT_BUNDLE_IDENTIFIER = com.onomatopee.FibsTests;
				PRODUCT_NAME = "$(TARGET_NAME)";
				SWIFT_VERSION = 3.0;
				TEST_HOST = "$(BUILT_PRODUCTS_DIR)/Fibs.app/Fibs";
			};
			name = Release;
		};
		A9A754631EC492B1003ECA29 /* Debug */ = {
			isa = XCBuildConfiguration;
			buildSettings = {
				ALWAYS_EMBED_SWIFT_STANDARD_LIBRARIES = YES;
				DEVELOPMENT_TEAM = 447M47227T;
				INFOPLIST_FILE = FibsUITests/Info.plist;
				LD_RUNPATH_SEARCH_PATHS = "$(inherited) @executable_path/Frameworks @loader_path/Frameworks";
				PRODUCT_BUNDLE_IDENTIFIER = com.onomatopee.FibsUITests;
				PRODUCT_NAME = "$(TARGET_NAME)";
				SWIFT_VERSION = 3.0;
				TEST_TARGET_NAME = Fibs;
			};
			name = Debug;
		};
		A9A754641EC492B1003ECA29 /* Release */ = {
			isa = XCBuildConfiguration;
			buildSettings = {
				ALWAYS_EMBED_SWIFT_STANDARD_LIBRARIES = YES;
				DEVELOPMENT_TEAM = 447M47227T;
				INFOPLIST_FILE = FibsUITests/Info.plist;
				LD_RUNPATH_SEARCH_PATHS = "$(inherited) @executable_path/Frameworks @loader_path/Frameworks";
				PRODUCT_BUNDLE_IDENTIFIER = com.onomatopee.FibsUITests;
				PRODUCT_NAME = "$(TARGET_NAME)";
				SWIFT_VERSION = 3.0;
				TEST_TARGET_NAME = Fibs;
			};
			name = Release;
		};
/* End XCBuildConfiguration section */

/* Begin XCConfigurationList section */
		A9A7542F1EC492B0003ECA29 /* Build configuration list for PBXProject "Fibs" */ = {
			isa = XCConfigurationList;
			buildConfigurations = (
				A9A7545A1EC492B1003ECA29 /* Debug */,
				A9A7545B1EC492B1003ECA29 /* Release */,
			);
			defaultConfigurationIsVisible = 0;
			defaultConfigurationName = Release;
		};
		A9A7545C1EC492B1003ECA29 /* Build configuration list for PBXNativeTarget "Fibs" */ = {
			isa = XCConfigurationList;
			buildConfigurations = (
				A9A7545D1EC492B1003ECA29 /* Debug */,
				A9A7545E1EC492B1003ECA29 /* Release */,
			);
			defaultConfigurationIsVisible = 0;
			defaultConfigurationName = Release;
		};
		A9A7545F1EC492B1003ECA29 /* Build configuration list for PBXNativeTarget "FibsTests" */ = {
			isa = XCConfigurationList;
			buildConfigurations = (
				A9A754601EC492B1003ECA29 /* Debug */,
				A9A754611EC492B1003ECA29 /* Release */,
			);
			defaultConfigurationIsVisible = 0;
			defaultConfigurationName = Release;
		};
		A9A754621EC492B1003ECA29 /* Build configuration list for PBXNativeTarget "FibsUITests" */ = {
			isa = XCConfigurationList;
			buildConfigurations = (
				A9A754631EC492B1003ECA29 /* Debug */,
				A9A754641EC492B1003ECA29 /* Release */,
			);
			defaultConfigurationIsVisible = 0;
			defaultConfigurationName = Release;
		};
/* End XCConfigurationList section */
	};
	rootObject = A9A7542C1EC492B0003ECA29 /* Project object */;
}
